
Microsoft Visual Studio Solution File, Format Version 12.00
# Visual Studio Version 17
VisualStudioVersion = 17.7.34024.191
MinimumVisualStudioVersion = 10.0.40219.1
Project("{FAE04EC0-301F-11D3-BF4B-00C04F79EFBC}") = "CalculatorWFA", "CalculatorWFA\CalculatorWFA.csproj", "{90AE9C27-6EDA-45E8-BE39-1D0831D18200}"
EndProject
Global
	GlobalSection(SolutionConfigurationPlatforms) = preSolution
		Debug|Any CPU = Debug|Any CPU
		Release|Any CPU = Release|Any CPU
	EndGlobalSection
	GlobalSection(ProjectConfigurationPlatforms) = postSolution
		{90AE9C27-6EDA-45E8-BE39-1D0831D18200}.Debug|Any CPU.ActiveCfg = Debug|Any CPU
		{90AE9C27-6EDA-45E8-BE39-1D0831D18200}.Debug|Any CPU.Build.0 = Debug|Any CPU
		{90AE9C27-6EDA-45E8-BE39-1D0831D18200}.Release|Any CPU.ActiveCfg = Release|Any CPU
		{90AE9C27-6EDA-45E8-BE39-1D0831D18200}.Release|Any CPU.Build.0 = Release|Any CPU
	EndGlobalSection
	GlobalSection(SolutionProperties) = preSolution
		HideSolutionNode = FALSE
	EndGlobalSection
	GlobalSection(ExtensibilityGlobals) = postSolution
		SolutionGuid = {467D2886-5534-4374-AE43-4BA6E4E73BFA}
	EndGlobalSection
EndGlobal
